// !$*UTF8*$!
{
	archiveVersion = 1;
	classes = {
	};
	objectVersion = 55;
	objects = {

/* Begin PBXBuildFile section */
		DFA1858B2981CDAB0002DB79 /* AppDelegate.swift in Sources */ = {isa = PBXBuildFile; fileRef = DFA1858A2981CDAB0002DB79 /* AppDelegate.swift */; };
		DFA1858D2981CDAB0002DB79 /* SceneDelegate.swift in Sources */ = {isa = PBXBuildFile; fileRef = DFA1858C2981CDAB0002DB79 /* SceneDelegate.swift */; };
		DFA1858F2981CDAB0002DB79 /* ViewController.swift in Sources */ = {isa = PBXBuildFile; fileRef = DFA1858E2981CDAB0002DB79 /* ViewController.swift */; };
		DFA185942981CDAD0002DB79 /* Assets.xcassets in Resources */ = {isa = PBXBuildFile; fileRef = DFA185932981CDAD0002DB79 /* Assets.xcassets */; };
		DFA185972981CDAD0002DB79 /* LaunchScreen.storyboard in Resources */ = {isa = PBXBuildFile; fileRef = DFA185952981CDAD0002DB79 /* LaunchScreen.storyboard */; };
		DFAAAC622981DFA900A237A5 /* University.swift in Sources */ = {isa = PBXBuildFile; fileRef = DFAAAC612981DFA900A237A5 /* University.swift */; };
		DFAAAC682981E0CB00A237A5 /* HttpClient.swift in Sources */ = {isa = PBXBuildFile; fileRef = DFAAAC672981E0CB00A237A5 /* HttpClient.swift */; };
		DFAAAC6A2981E0DF00A237A5 /* URLSessionHTTPClient.swift in Sources */ = {isa = PBXBuildFile; fileRef = DFAAAC692981E0DF00A237A5 /* URLSessionHTTPClient.swift */; };
		DFAAAC6C2981E12100A237A5 /* LoadUniversitiesUseCase.swift in Sources */ = {isa = PBXBuildFile; fileRef = DFAAAC6B2981E12100A237A5 /* LoadUniversitiesUseCase.swift */; };
		DFAAAC6F2981E15B00A237A5 /* UniversitiesMapper.swift in Sources */ = {isa = PBXBuildFile; fileRef = DFAAAC6E2981E15B00A237A5 /* UniversitiesMapper.swift */; };
/* End PBXBuildFile section */

/* Begin PBXFileReference section */
		DFA185872981CDAB0002DB79 /* Universities.app */ = {isa = PBXFileReference; explicitFileType = wrapper.application; includeInIndex = 0; path = Universities.app; sourceTree = BUILT_PRODUCTS_DIR; };
		DFA1858A2981CDAB0002DB79 /* AppDelegate.swift */ = {isa = PBXFileReference; lastKnownFileType = sourcecode.swift; path = AppDelegate.swift; sourceTree = "<group>"; };
		DFA1858C2981CDAB0002DB79 /* SceneDelegate.swift */ = {isa = PBXFileReference; lastKnownFileType = sourcecode.swift; path = SceneDelegate.swift; sourceTree = "<group>"; };
		DFA1858E2981CDAB0002DB79 /* ViewController.swift */ = {isa = PBXFileReference; lastKnownFileType = sourcecode.swift; path = ViewController.swift; sourceTree = "<group>"; };
		DFA185932981CDAD0002DB79 /* Assets.xcassets */ = {isa = PBXFileReference; lastKnownFileType = folder.assetcatalog; path = Assets.xcassets; sourceTree = "<group>"; };
		DFA185962981CDAD0002DB79 /* Base */ = {isa = PBXFileReference; lastKnownFileType = file.storyboard; name = Base; path = Base.lproj/LaunchScreen.storyboard; sourceTree = "<group>"; };
		DFA185982981CDAD0002DB79 /* Info.plist */ = {isa = PBXFileReference; lastKnownFileType = text.plist.xml; path = Info.plist; sourceTree = "<group>"; };
		DFAAAC612981DFA900A237A5 /* University.swift */ = {isa = PBXFileReference; lastKnownFileType = sourcecode.swift; path = University.swift; sourceTree = "<group>"; };
		DFAAAC672981E0CB00A237A5 /* HttpClient.swift */ = {isa = PBXFileReference; lastKnownFileType = sourcecode.swift; path = HttpClient.swift; sourceTree = "<group>"; };
		DFAAAC692981E0DF00A237A5 /* URLSessionHTTPClient.swift */ = {isa = PBXFileReference; lastKnownFileType = sourcecode.swift; path = URLSessionHTTPClient.swift; sourceTree = "<group>"; };
		DFAAAC6B2981E12100A237A5 /* LoadUniversitiesUseCase.swift */ = {isa = PBXFileReference; lastKnownFileType = sourcecode.swift; path = LoadUniversitiesUseCase.swift; sourceTree = "<group>"; };
		DFAAAC6E2981E15B00A237A5 /* UniversitiesMapper.swift */ = {isa = PBXFileReference; lastKnownFileType = sourcecode.swift; path = UniversitiesMapper.swift; sourceTree = "<group>"; };
/* End PBXFileReference section */

/* Begin PBXFrameworksBuildPhase section */
		DFA185842981CDAB0002DB79 /* Frameworks */ = {
			isa = PBXFrameworksBuildPhase;
			buildActionMask = 2147483647;
			files = (
			);
			runOnlyForDeploymentPostprocessing = 0;
		};
/* End PBXFrameworksBuildPhase section */

/* Begin PBXGroup section */
		DFA1857E2981CDAA0002DB79 = {
			isa = PBXGroup;
			children = (
				DFA185892981CDAB0002DB79 /* Universities */,
				DFA185882981CDAB0002DB79 /* Products */,
			);
			sourceTree = "<group>";
		};
		DFA185882981CDAB0002DB79 /* Products */ = {
			isa = PBXGroup;
			children = (
				DFA185872981CDAB0002DB79 /* Universities.app */,
			);
			name = Products;
			sourceTree = "<group>";
		};
		DFA185892981CDAB0002DB79 /* Universities */ = {
			isa = PBXGroup;
			children = (
				DFAAAC662981E08500A237A5 /* Use Cases */,
				DFAAAC632981E06600A237A5 /* Network */,
				DFAAAC602981DF9100A237A5 /* Models */,
				DFA1858A2981CDAB0002DB79 /* AppDelegate.swift */,
				DFA1858C2981CDAB0002DB79 /* SceneDelegate.swift */,
				DFA1858E2981CDAB0002DB79 /* ViewController.swift */,
				DFA185932981CDAD0002DB79 /* Assets.xcassets */,
				DFA185952981CDAD0002DB79 /* LaunchScreen.storyboard */,
				DFA185982981CDAD0002DB79 /* Info.plist */,
			);
			path = Universities;
			sourceTree = "<group>";
		};
		DFAAAC602981DF9100A237A5 /* Models */ = {
			isa = PBXGroup;
			children = (
				DFAAAC612981DFA900A237A5 /* University.swift */,
			);
			path = Models;
			sourceTree = "<group>";
		};
		DFAAAC632981E06600A237A5 /* Network */ = {
			isa = PBXGroup;
			children = (
				DFAAAC672981E0CB00A237A5 /* HttpClient.swift */,
				DFAAAC692981E0DF00A237A5 /* URLSessionHTTPClient.swift */,
			);
			path = Network;
			sourceTree = "<group>";
		};
		DFAAAC662981E08500A237A5 /* Use Cases */ = {
			isa = PBXGroup;
			children = (
				DFAAAC6D2981E14400A237A5 /* Mappers */,
				DFAAAC6B2981E12100A237A5 /* LoadUniversitiesUseCase.swift */,
			);
			path = "Use Cases";
			sourceTree = "<group>";
		};
		DFAAAC6D2981E14400A237A5 /* Mappers */ = {
			isa = PBXGroup;
			children = (
				DFAAAC6E2981E15B00A237A5 /* UniversitiesMapper.swift */,
			);
			path = Mappers;
			sourceTree = "<group>";
		};
/* End PBXGroup section */

/* Begin PBXNativeTarget section */
		DFA185862981CDAB0002DB79 /* Universities */ = {
			isa = PBXNativeTarget;
			buildConfigurationList = DFA1859B2981CDAD0002DB79 /* Build configuration list for PBXNativeTarget "Universities" */;
			buildPhases = (
				DFA185832981CDAB0002DB79 /* Sources */,
				DFA185842981CDAB0002DB79 /* Frameworks */,
				DFA185852981CDAB0002DB79 /* Resources */,
			);
			buildRules = (
			);
			dependencies = (
			);
			name = Universities;
			productName = Universities;
			productReference = DFA185872981CDAB0002DB79 /* Universities.app */;
			productType = "com.apple.product-type.application";
		};
/* End PBXNativeTarget section */

/* Begin PBXProject section */
		DFA1857F2981CDAA0002DB79 /* Project object */ = {
			isa = PBXProject;
			attributes = {
				BuildIndependentTargetsInParallel = 1;
				LastSwiftUpdateCheck = 1340;
				LastUpgradeCheck = 1340;
				TargetAttributes = {
					DFA185862981CDAB0002DB79 = {
						CreatedOnToolsVersion = 13.4.1;
					};
				};
			};
			buildConfigurationList = DFA185822981CDAA0002DB79 /* Build configuration list for PBXProject "Universities" */;
			compatibilityVersion = "Xcode 13.0";
			developmentRegion = en;
			hasScannedForEncodings = 0;
			knownRegions = (
				en,
				Base,
			);
			mainGroup = DFA1857E2981CDAA0002DB79;
			productRefGroup = DFA185882981CDAB0002DB79 /* Products */;
			projectDirPath = "";
			projectRoot = "";
			targets = (
				DFA185862981CDAB0002DB79 /* Universities */,
			);
		};
/* End PBXProject section */

/* Begin PBXResourcesBuildPhase section */
		DFA185852981CDAB0002DB79 /* Resources */ = {
			isa = PBXResourcesBuildPhase;
			buildActionMask = 2147483647;
			files = (
				DFA185972981CDAD0002DB79 /* LaunchScreen.storyboard in Resources */,
				DFA185942981CDAD0002DB79 /* Assets.xcassets in Resources */,
			);
			runOnlyForDeploymentPostprocessing = 0;
		};
/* End PBXResourcesBuildPhase section */

/* Begin PBXSourcesBuildPhase section */
		DFA185832981CDAB0002DB79 /* Sources */ = {
			isa = PBXSourcesBuildPhase;
			buildActionMask = 2147483647;
			files = (
				DFAAAC682981E0CB00A237A5 /* HttpClient.swift in Sources */,
				DFA1858F2981CDAB0002DB79 /* ViewController.swift in Sources */,
				DFAAAC6F2981E15B00A237A5 /* UniversitiesMapper.swift in Sources */,
				DFAAAC6C2981E12100A237A5 /* LoadUniversitiesUseCase.swift in Sources */,
				DFAAAC622981DFA900A237A5 /* University.swift in Sources */,
				DFA1858B2981CDAB0002DB79 /* AppDelegate.swift in Sources */,
				DFA1858D2981CDAB0002DB79 /* SceneDelegate.swift in Sources */,
				DFAAAC6A2981E0DF00A237A5 /* URLSessionHTTPClient.swift in Sources */,
			);
			runOnlyForDeploymentPostprocessing = 0;
		};
/* End PBXSourcesBuildPhase section */

/* Begin PBXVariantGroup section */
		DFA185952981CDAD0002DB79 /* LaunchScreen.storyboard */ = {
			isa = PBXVariantGroup;
			children = (
				DFA185962981CDAD0002DB79 /* Base */,
			);
			name = LaunchScreen.storyboard;
			sourceTree = "<group>";
		};
/* End PBXVariantGroup section */

/* Begin XCBuildConfiguration section */
		DFA185992981CDAD0002DB79 /* Debug */ = {
			isa = XCBuildConfiguration;
			buildSettings = {
				ALWAYS_SEARCH_USER_PATHS = NO;
				CLANG_ANALYZER_NONNULL = YES;
				CLANG_ANALYZER_NUMBER_OBJECT_CONVERSION = YES_AGGRESSIVE;
				CLANG_CXX_LANGUAGE_STANDARD = "gnu++17";
				CLANG_ENABLE_MODULES = YES;
				CLANG_ENABLE_OBJC_ARC = YES;
				CLANG_ENABLE_OBJC_WEAK = YES;
				CLANG_WARN_BLOCK_CAPTURE_AUTORELEASING = YES;
				CLANG_WARN_BOOL_CONVERSION = YES;
				CLANG_WARN_COMMA = YES;
				CLANG_WARN_CONSTANT_CONVERSION = YES;
				CLANG_WARN_DEPRECATED_OBJC_IMPLEMENTATIONS = YES;
				CLANG_WARN_DIRECT_OBJC_ISA_USAGE = YES_ERROR;
				CLANG_WARN_DOCUMENTATION_COMMENTS = YES;
				CLANG_WARN_EMPTY_BODY = YES;
				CLANG_WARN_ENUM_CONVERSION = YES;
				CLANG_WARN_INFINITE_RECURSION = YES;
				CLANG_WARN_INT_CONVERSION = YES;
				CLANG_WARN_NON_LITERAL_NULL_CONVERSION = YES;
				CLANG_WARN_OBJC_IMPLICIT_RETAIN_SELF = YES;
				CLANG_WARN_OBJC_LITERAL_CONVERSION = YES;
				CLANG_WARN_OBJC_ROOT_CLASS = YES_ERROR;
				CLANG_WARN_QUOTED_INCLUDE_IN_FRAMEWORK_HEADER = YES;
				CLANG_WARN_RANGE_LOOP_ANALYSIS = YES;
				CLANG_WARN_STRICT_PROTOTYPES = YES;
				CLANG_WARN_SUSPICIOUS_MOVE = YES;
				CLANG_WARN_UNGUARDED_AVAILABILITY = YES_AGGRESSIVE;
				CLANG_WARN_UNREACHABLE_CODE = YES;
				CLANG_WARN__DUPLICATE_METHOD_MATCH = YES;
				COPY_PHASE_STRIP = NO;
				DEBUG_INFORMATION_FORMAT = dwarf;
				ENABLE_STRICT_OBJC_MSGSEND = YES;
				ENABLE_TESTABILITY = YES;
				GCC_C_LANGUAGE_STANDARD = gnu11;
				GCC_DYNAMIC_NO_PIC = NO;
				GCC_NO_COMMON_BLOCKS = YES;
				GCC_OPTIMIZATION_LEVEL = 0;
				GCC_PREPROCESSOR_DEFINITIONS = (
					"DEBUG=1",
					"$(inherited)",
				);
				GCC_WARN_64_TO_32_BIT_CONVERSION = YES;
				GCC_WARN_ABOUT_RETURN_TYPE = YES_ERROR;
				GCC_WARN_UNDECLARED_SELECTOR = YES;
				GCC_WARN_UNINITIALIZED_AUTOS = YES_AGGRESSIVE;
				GCC_WARN_UNUSED_FUNCTION = YES;
				GCC_WARN_UNUSED_VARIABLE = YES;
				IPHONEOS_DEPLOYMENT_TARGET = 15.5;
				MTL_ENABLE_DEBUG_INFO = INCLUDE_SOURCE;
				MTL_FAST_MATH = YES;
				ONLY_ACTIVE_ARCH = YES;
				SDKROOT = iphoneos;
				SWIFT_ACTIVE_COMPILATION_CONDITIONS = DEBUG;
				SWIFT_OPTIMIZATION_LEVEL = "-Onone";
			};
			name = Debug;
		};
		DFA1859A2981CDAD0002DB79 /* Release */ = {
			isa = XCBuildConfiguration;
			buildSettings = {
				ALWAYS_SEARCH_USER_PATHS = NO;
				CLANG_ANALYZER_NONNULL = YES;
				CLANG_ANALYZER_NUMBER_OBJECT_CONVERSION = YES_AGGRESSIVE;
				CLANG_CXX_LANGUAGE_STANDARD = "gnu++17";
				CLANG_ENABLE_MODULES = YES;
				CLANG_ENABLE_OBJC_ARC = YES;
				CLANG_ENABLE_OBJC_WEAK = YES;
				CLANG_WARN_BLOCK_CAPTURE_AUTORELEASING = YES;
				CLANG_WARN_BOOL_CONVERSION = YES;
				CLANG_WARN_COMMA = YES;
				CLANG_WARN_CONSTANT_CONVERSION = YES;
				CLANG_WARN_DEPRECATED_OBJC_IMPLEMENTATIONS = YES;
				CLANG_WARN_DIRECT_OBJC_ISA_USAGE = YES_ERROR;
				CLANG_WARN_DOCUMENTATION_COMMENTS = YES;
				CLANG_WARN_EMPTY_BODY = YES;
				CLANG_WARN_ENUM_CONVERSION = YES;
				CLANG_WARN_INFINITE_RECURSION = YES;
				CLANG_WARN_INT_CONVERSION = YES;
				CLANG_WARN_NON_LITERAL_NULL_CONVERSION = YES;
				CLANG_WARN_OBJC_IMPLICIT_RETAIN_SELF = YES;
				CLANG_WARN_OBJC_LITERAL_CONVERSION = YES;
				CLANG_WARN_OBJC_ROOT_CLASS = YES_ERROR;
				CLANG_WARN_QUOTED_INCLUDE_IN_FRAMEWORK_HEADER = YES;
				CLANG_WARN_RANGE_LOOP_ANALYSIS = YES;
				CLANG_WARN_STRICT_PROTOTYPES = YES;
				CLANG_WARN_SUSPICIOUS_MOVE = YES;
				CLANG_WARN_UNGUARDED_AVAILABILITY = YES_AGGRESSIVE;
				CLANG_WARN_UNREACHABLE_CODE = YES;
				CLANG_WARN__DUPLICATE_METHOD_MATCH = YES;
				COPY_PHASE_STRIP = NO;
				DEBUG_INFORMATION_FORMAT = "dwarf-with-dsym";
				ENABLE_NS_ASSERTIONS = NO;
				ENABLE_STRICT_OBJC_MSGSEND = YES;
				GCC_C_LANGUAGE_STANDARD = gnu11;
				GCC_NO_COMMON_BLOCKS = YES;
				GCC_WARN_64_TO_32_BIT_CONVERSION = YES;
				GCC_WARN_ABOUT_RETURN_TYPE = YES_ERROR;
				GCC_WARN_UNDECLARED_SELECTOR = YES;
				GCC_WARN_UNINITIALIZED_AUTOS = YES_AGGRESSIVE;
				GCC_WARN_UNUSED_FUNCTION = YES;
				GCC_WARN_UNUSED_VARIABLE = YES;
				IPHONEOS_DEPLOYMENT_TARGET = 15.5;
				MTL_ENABLE_DEBUG_INFO = NO;
				MTL_FAST_MATH = YES;
				SDKROOT = iphoneos;
				SWIFT_COMPILATION_MODE = wholemodule;
				SWIFT_OPTIMIZATION_LEVEL = "-O";
				VALIDATE_PRODUCT = YES;
			};
			name = Release;
		};
		DFA1859C2981CDAD0002DB79 /* Debug */ = {
			isa = XCBuildConfiguration;
			buildSettings = {
				ASSETCATALOG_COMPILER_APPICON_NAME = AppIcon;
				ASSETCATALOG_COMPILER_GLOBAL_ACCENT_COLOR_NAME = AccentColor;
				CODE_SIGN_STYLE = Automatic;
				CURRENT_PROJECT_VERSION = 1;
				GENERATE_INFOPLIST_FILE = YES;
				INFOPLIST_FILE = Universities/Info.plist;
				INFOPLIST_KEY_UIApplicationSupportsIndirectInputEvents = YES;
				INFOPLIST_KEY_UILaunchStoryboardName = LaunchScreen;
				INFOPLIST_KEY_UISupportedInterfaceOrientations_iPad = "UIInterfaceOrientationPortrait UIInterfaceOrientationPortraitUpsideDown UIInterfaceOrientationLandscapeLeft UIInterfaceOrientationLandscapeRight";
				INFOPLIST_KEY_UISupportedInterfaceOrientations_iPhone = "UIInterfaceOrientationPortrait UIInterfaceOrientationLandscapeLeft UIInterfaceOrientationLandscapeRight";
				LD_RUNPATH_SEARCH_PATHS = (
					"$(inherited)",
					"@executable_path/Frameworks",
				);
				MARKETING_VERSION = 1.0;
				PRODUCT_BUNDLE_IDENTIFIER = com.anne.Universities;
				PRODUCT_NAME = "$(TARGET_NAME)";
				SWIFT_EMIT_LOC_STRINGS = YES;
				SWIFT_VERSION = 5.0;
				TARGETED_DEVICE_FAMILY = "1,2";
			};
			name = Debug;
		};
		DFA1859D2981CDAD0002DB79 /* Release */ = {
			isa = XCBuildConfiguration;
			buildSettings = {
				ASSETCATALOG_COMPILER_APPICON_NAME = AppIcon;
				ASSETCATALOG_COMPILER_GLOBAL_ACCENT_COLOR_NAME = AccentColor;
				CODE_SIGN_STYLE = Automatic;
				CURRENT_PROJECT_VERSION = 1;
				GENERATE_INFOPLIST_FILE = YES;
				INFOPLIST_FILE = Universities/Info.plist;
				INFOPLIST_KEY_UIApplicationSupportsIndirectInputEvents = YES;
				INFOPLIST_KEY_UILaunchStoryboardName = LaunchScreen;
				INFOPLIST_KEY_UISupportedInterfaceOrientations_iPad = "UIInterfaceOrientationPortrait UIInterfaceOrientationPortraitUpsideDown UIInterfaceOrientationLandscapeLeft UIInterfaceOrientationLandscapeRight";
				INFOPLIST_KEY_UISupportedInterfaceOrientations_iPhone = "UIInterfaceOrientationPortrait UIInterfaceOrientationLandscapeLeft UIInterfaceOrientationLandscapeRight";
				LD_RUNPATH_SEARCH_PATHS = (
					"$(inherited)",
					"@executable_path/Frameworks",
				);
				MARKETING_VERSION = 1.0;
				PRODUCT_BUNDLE_IDENTIFIER = com.anne.Universities;
				PRODUCT_NAME = "$(TARGET_NAME)";
				SWIFT_EMIT_LOC_STRINGS = YES;
				SWIFT_VERSION = 5.0;
				TARGETED_DEVICE_FAMILY = "1,2";
			};
			name = Release;
		};
/* End XCBuildConfiguration section */

/* Begin XCConfigurationList section */
		DFA185822981CDAA0002DB79 /* Build configuration list for PBXProject "Universities" */ = {
			isa = XCConfigurationList;
			buildConfigurations = (
				DFA185992981CDAD0002DB79 /* Debug */,
				DFA1859A2981CDAD0002DB79 /* Release */,
			);
			defaultConfigurationIsVisible = 0;
			defaultConfigurationName = Release;
		};
		DFA1859B2981CDAD0002DB79 /* Build configuration list for PBXNativeTarget "Universities" */ = {
			isa = XCConfigurationList;
			buildConfigurations = (
				DFA1859C2981CDAD0002DB79 /* Debug */,
				DFA1859D2981CDAD0002DB79 /* Release */,
			);
			defaultConfigurationIsVisible = 0;
			defaultConfigurationName = Release;
		};
/* End XCConfigurationList section */
	};
	rootObject = DFA1857F2981CDAA0002DB79 /* Project object */;
}
